
Microsoft Visual Studio Solution File, Format Version 12.00
# Visual Studio 15
VisualStudioVersion = 15.0.28307.421
MinimumVisualStudioVersion = 10.0.40219.1
Project("{2150E333-8FDC-42A3-9474-1A3956D46DE8}") = "Common", "Common", "{8313FA74-8318-422A-BAD3-5F1F1CA8D6A5}"
EndProject
Project("{2150E333-8FDC-42A3-9474-1A3956D46DE8}") = "Services", "Services", "{571F6745-97CE-4F5E-9881-71AA41EE831C}"
EndProject
Project("{2150E333-8FDC-42A3-9474-1A3956D46DE8}") = "UI", "UI", "{12D59550-CA49-41C6-9265-35D59C64B0E5}"
EndProject
Project("{9A19103F-16F7-4668-BE54-9A1E7A4F7556}") = "MyWebStore.DomainNew", "Common\MyWebStore.DomainNew\MyWebStore.DomainNew.csproj", "{CD38EFE3-2781-444F-9D4B-7872B11E8ED4}"
EndProject
Project("{9A19103F-16F7-4668-BE54-9A1E7A4F7556}") = "MyWebStore.DAL", "Services\MyWebStore.DAL\MyWebStore.DAL.csproj", "{C71AE2DF-ED7F-447C-BE5F-AAD6E7B60E83}"
EndProject
Project("{9A19103F-16F7-4668-BE54-9A1E7A4F7556}") = "MyWebStore", "UI\WebStore\MyWebStore.csproj", "{2657E33D-163A-40D8-81C3-1989A78FD799}"
EndProject
Project("{9A19103F-16F7-4668-BE54-9A1E7A4F7556}") = "WebStore.ServiceHosting", "Services\WebStore.ServiceHosting\WebStore.ServiceHosting.csproj", "{AAFCA426-0893-4D18-BBB7-3A9BF2D8CE30}"
EndProject
Project("{9A19103F-16F7-4668-BE54-9A1E7A4F7556}") = "WebStore.Interfaces", "Services\WebStore.Interfaces\WebStore.Interfaces.csproj", "{6BE619D1-D59B-4AC3-A104-0B79DDAF218B}"
EndProject
Project("{9A19103F-16F7-4668-BE54-9A1E7A4F7556}") = "WebStore.Services", "Services\WebStore.Services\WebStore.Services.csproj", "{80DE3EF9-5EFE-4735-816B-8D424DD88574}"
EndProject
Project("{9A19103F-16F7-4668-BE54-9A1E7A4F7556}") = "WebStore.Clients", "Services\WebStore.Clients\WebStore.Clients.csproj", "{333CF51A-8A1C-4DC8-AFF4-8CCCE76A6CAA}"
EndProject
Project("{9A19103F-16F7-4668-BE54-9A1E7A4F7556}") = "WebStore.Logger", "Common\WebStore.Logger\WebStore.Logger.csproj", "{C27FEF56-6674-41BB-BBAC-959964BC5DA3}"
EndProject
Project("{2150E333-8FDC-42A3-9474-1A3956D46DE8}") = "Tests", "Tests", "{66536367-567B-4F1F-BA79-2D39905EEEEF}"
EndProject
Project("{FAE04EC0-301F-11D3-BF4B-00C04F79EFBC}") = "WebStore.Tests", "Tests\WebStore.Tests\WebStore.Tests.csproj", "{FEA76EB5-5CCD-43FC-9396-72DB87EB20E5}"
EndProject
Project("{FAE04EC0-301F-11D3-BF4B-00C04F79EFBC}") = "WebStore.Services.Tests", "Tests\WebStore.Services.Tests\WebStore.Services.Tests.csproj", "{D4124E47-A864-431D-92BD-D836F75577E1}"
EndProject
Global
	GlobalSection(SolutionConfigurationPlatforms) = preSolution
		Debug|Any CPU = Debug|Any CPU
		Release|Any CPU = Release|Any CPU
	EndGlobalSection
	GlobalSection(ProjectConfigurationPlatforms) = postSolution
		{CD38EFE3-2781-444F-9D4B-7872B11E8ED4}.Debug|Any CPU.ActiveCfg = Debug|Any CPU
		{CD38EFE3-2781-444F-9D4B-7872B11E8ED4}.Debug|Any CPU.Build.0 = Debug|Any CPU
		{CD38EFE3-2781-444F-9D4B-7872B11E8ED4}.Release|Any CPU.ActiveCfg = Release|Any CPU
		{CD38EFE3-2781-444F-9D4B-7872B11E8ED4}.Release|Any CPU.Build.0 = Release|Any CPU
		{C71AE2DF-ED7F-447C-BE5F-AAD6E7B60E83}.Debug|Any CPU.ActiveCfg = Debug|Any CPU
		{C71AE2DF-ED7F-447C-BE5F-AAD6E7B60E83}.Debug|Any CPU.Build.0 = Debug|Any CPU
		{C71AE2DF-ED7F-447C-BE5F-AAD6E7B60E83}.Release|Any CPU.ActiveCfg = Release|Any CPU
		{C71AE2DF-ED7F-447C-BE5F-AAD6E7B60E83}.Release|Any CPU.Build.0 = Release|Any CPU
		{2657E33D-163A-40D8-81C3-1989A78FD799}.Debug|Any CPU.ActiveCfg = Debug|Any CPU
		{2657E33D-163A-40D8-81C3-1989A78FD799}.Debug|Any CPU.Build.0 = Debug|Any CPU
		{2657E33D-163A-40D8-81C3-1989A78FD799}.Release|Any CPU.ActiveCfg = Release|Any CPU
		{2657E33D-163A-40D8-81C3-1989A78FD799}.Release|Any CPU.Build.0 = Release|Any CPU
		{AAFCA426-0893-4D18-BBB7-3A9BF2D8CE30}.Debug|Any CPU.ActiveCfg = Debug|Any CPU
		{AAFCA426-0893-4D18-BBB7-3A9BF2D8CE30}.Debug|Any CPU.Build.0 = Debug|Any CPU
		{AAFCA426-0893-4D18-BBB7-3A9BF2D8CE30}.Release|Any CPU.ActiveCfg = Release|Any CPU
		{AAFCA426-0893-4D18-BBB7-3A9BF2D8CE30}.Release|Any CPU.Build.0 = Release|Any CPU
		{6BE619D1-D59B-4AC3-A104-0B79DDAF218B}.Debug|Any CPU.ActiveCfg = Debug|Any CPU
		{6BE619D1-D59B-4AC3-A104-0B79DDAF218B}.Debug|Any CPU.Build.0 = Debug|Any CPU
		{6BE619D1-D59B-4AC3-A104-0B79DDAF218B}.Release|Any CPU.ActiveCfg = Release|Any CPU
		{6BE619D1-D59B-4AC3-A104-0B79DDAF218B}.Release|Any CPU.Build.0 = Release|Any CPU
		{80DE3EF9-5EFE-4735-816B-8D424DD88574}.Debug|Any CPU.ActiveCfg = Debug|Any CPU
		{80DE3EF9-5EFE-4735-816B-8D424DD88574}.Debug|Any CPU.Build.0 = Debug|Any CPU
		{80DE3EF9-5EFE-4735-816B-8D424DD88574}.Release|Any CPU.ActiveCfg = Release|Any CPU
		{80DE3EF9-5EFE-4735-816B-8D424DD88574}.Release|Any CPU.Build.0 = Release|Any CPU
		{333CF51A-8A1C-4DC8-AFF4-8CCCE76A6CAA}.Debug|Any CPU.ActiveCfg = Debug|Any CPU
		{333CF51A-8A1C-4DC8-AFF4-8CCCE76A6CAA}.Debug|Any CPU.Build.0 = Debug|Any CPU
		{333CF51A-8A1C-4DC8-AFF4-8CCCE76A6CAA}.Release|Any CPU.ActiveCfg = Release|Any CPU
		{333CF51A-8A1C-4DC8-AFF4-8CCCE76A6CAA}.Release|Any CPU.Build.0 = Release|Any CPU
		{C27FEF56-6674-41BB-BBAC-959964BC5DA3}.Debug|Any CPU.ActiveCfg = Debug|Any CPU
		{C27FEF56-6674-41BB-BBAC-959964BC5DA3}.Debug|Any CPU.Build.0 = Debug|Any CPU
		{C27FEF56-6674-41BB-BBAC-959964BC5DA3}.Release|Any CPU.ActiveCfg = Release|Any CPU
		{C27FEF56-6674-41BB-BBAC-959964BC5DA3}.Release|Any CPU.Build.0 = Release|Any CPU
		{FEA76EB5-5CCD-43FC-9396-72DB87EB20E5}.Debug|Any CPU.ActiveCfg = Debug|Any CPU
		{FEA76EB5-5CCD-43FC-9396-72DB87EB20E5}.Debug|Any CPU.Build.0 = Debug|Any CPU
		{FEA76EB5-5CCD-43FC-9396-72DB87EB20E5}.Release|Any CPU.ActiveCfg = Release|Any CPU
		{FEA76EB5-5CCD-43FC-9396-72DB87EB20E5}.Release|Any CPU.Build.0 = Release|Any CPU
		{D4124E47-A864-431D-92BD-D836F75577E1}.Debug|Any CPU.ActiveCfg = Debug|Any CPU
		{D4124E47-A864-431D-92BD-D836F75577E1}.Debug|Any CPU.Build.0 = Debug|Any CPU
		{D4124E47-A864-431D-92BD-D836F75577E1}.Release|Any CPU.ActiveCfg = Release|Any CPU
		{D4124E47-A864-431D-92BD-D836F75577E1}.Release|Any CPU.Build.0 = Release|Any CPU
	EndGlobalSection
	GlobalSection(SolutionProperties) = preSolution
		HideSolutionNode = FALSE
	EndGlobalSection
	GlobalSection(NestedProjects) = preSolution
		{CD38EFE3-2781-444F-9D4B-7872B11E8ED4} = {8313FA74-8318-422A-BAD3-5F1F1CA8D6A5}
		{C71AE2DF-ED7F-447C-BE5F-AAD6E7B60E83} = {571F6745-97CE-4F5E-9881-71AA41EE831C}
		{2657E33D-163A-40D8-81C3-1989A78FD799} = {12D59550-CA49-41C6-9265-35D59C64B0E5}
		{AAFCA426-0893-4D18-BBB7-3A9BF2D8CE30} = {571F6745-97CE-4F5E-9881-71AA41EE831C}
		{6BE619D1-D59B-4AC3-A104-0B79DDAF218B} = {571F6745-97CE-4F5E-9881-71AA41EE831C}
		{80DE3EF9-5EFE-4735-816B-8D424DD88574} = {571F6745-97CE-4F5E-9881-71AA41EE831C}
		{333CF51A-8A1C-4DC8-AFF4-8CCCE76A6CAA} = {571F6745-97CE-4F5E-9881-71AA41EE831C}
		{C27FEF56-6674-41BB-BBAC-959964BC5DA3} = {8313FA74-8318-422A-BAD3-5F1F1CA8D6A5}
		{FEA76EB5-5CCD-43FC-9396-72DB87EB20E5} = {66536367-567B-4F1F-BA79-2D39905EEEEF}
		{D4124E47-A864-431D-92BD-D836F75577E1} = {66536367-567B-4F1F-BA79-2D39905EEEEF}
	EndGlobalSection
	GlobalSection(ExtensibilityGlobals) = postSolution
		SolutionGuid = {880AA94B-7DA9-4363-B32C-FBD63879AB00}
	EndGlobalSection
EndGlobal
